// !$*UTF8*$!
{
	archiveVersion = 1;
	classes = {
	};
	objectVersion = 56;
	objects = {

/* Begin PBXBuildFile section */
		4460C3D229BDF7C600D4D3BA /* LittleLemonApp.swift in Sources */ = {isa = PBXBuildFile; fileRef = 4460C3D129BDF7C600D4D3BA /* LittleLemonApp.swift */; };
		4460C3D429BDF7C600D4D3BA /* ContentView.swift in Sources */ = {isa = PBXBuildFile; fileRef = 4460C3D329BDF7C600D4D3BA /* ContentView.swift */; };
		4460C3D629BDF7C700D4D3BA /* Assets.xcassets in Resources */ = {isa = PBXBuildFile; fileRef = 4460C3D529BDF7C700D4D3BA /* Assets.xcassets */; };
		4460C3D929BDF7C700D4D3BA /* Preview Assets.xcassets in Resources */ = {isa = PBXBuildFile; fileRef = 4460C3D829BDF7C700D4D3BA /* Preview Assets.xcassets */; };
		4460C3E029BE05D100D4D3BA /* Onboarding.swift in Sources */ = {isa = PBXBuildFile; fileRef = 4460C3DF29BE05D100D4D3BA /* Onboarding.swift */; };
		4460C3E329BE088E00D4D3BA /* UserStorageProtocol.swift in Sources */ = {isa = PBXBuildFile; fileRef = 4460C3E229BE088E00D4D3BA /* UserStorageProtocol.swift */; };
		4460C3E529BE08AC00D4D3BA /* UserProtocol.swift in Sources */ = {isa = PBXBuildFile; fileRef = 4460C3E429BE08AC00D4D3BA /* UserProtocol.swift */; };
		4460C3E829BE095700D4D3BA /* UserStorage.swift in Sources */ = {isa = PBXBuildFile; fileRef = 4460C3E729BE095700D4D3BA /* UserStorage.swift */; };
		4460C3EA29BE0AE500D4D3BA /* UserConst.swift in Sources */ = {isa = PBXBuildFile; fileRef = 4460C3E929BE0AE500D4D3BA /* UserConst.swift */; };
		4460C3ED29BE0C3300D4D3BA /* User.swift in Sources */ = {isa = PBXBuildFile; fileRef = 4460C3EC29BE0C3300D4D3BA /* User.swift */; };
		4460C3EF29BE2ABE00D4D3BA /* Design.swift in Sources */ = {isa = PBXBuildFile; fileRef = 4460C3EE29BE2ABE00D4D3BA /* Design.swift */; };
		4460C3F229BE347700D4D3BA /* Home.swift in Sources */ = {isa = PBXBuildFile; fileRef = 4460C3F129BE347700D4D3BA /* Home.swift */; };
		4460C3F429BE359100D4D3BA /* Menu.swift in Sources */ = {isa = PBXBuildFile; fileRef = 4460C3F329BE359100D4D3BA /* Menu.swift */; };
		4460C3F629BFA50600D4D3BA /* UserProfile.swift in Sources */ = {isa = PBXBuildFile; fileRef = 4460C3F529BFA50600D4D3BA /* UserProfile.swift */; };
		44FAB34D29C0F85F005D7A8A /* Hero.swift in Sources */ = {isa = PBXBuildFile; fileRef = 44FAB34C29C0F85F005D7A8A /* Hero.swift */; };
		44FAB35029C0F928005D7A8A /* DishType.swift in Sources */ = {isa = PBXBuildFile; fileRef = 44FAB34F29C0F928005D7A8A /* DishType.swift */; };
		44FAB35229C0FD45005D7A8A /* DishTypeSelector.swift in Sources */ = {isa = PBXBuildFile; fileRef = 44FAB35129C0FD45005D7A8A /* DishTypeSelector.swift */; };
		44FAB35429C0FD9B005D7A8A /* DishTypeSelectorElement.swift in Sources */ = {isa = PBXBuildFile; fileRef = 44FAB35329C0FD9B005D7A8A /* DishTypeSelectorElement.swift */; };
/* End PBXBuildFile section */

/* Begin PBXFileReference section */
		4460C3CE29BDF7C600D4D3BA /* LittleLemon.app */ = {isa = PBXFileReference; explicitFileType = wrapper.application; includeInIndex = 0; path = LittleLemon.app; sourceTree = BUILT_PRODUCTS_DIR; };
		4460C3D129BDF7C600D4D3BA /* LittleLemonApp.swift */ = {isa = PBXFileReference; lastKnownFileType = sourcecode.swift; path = LittleLemonApp.swift; sourceTree = "<group>"; };
		4460C3D329BDF7C600D4D3BA /* ContentView.swift */ = {isa = PBXFileReference; lastKnownFileType = sourcecode.swift; path = ContentView.swift; sourceTree = "<group>"; };
		4460C3D529BDF7C700D4D3BA /* Assets.xcassets */ = {isa = PBXFileReference; lastKnownFileType = folder.assetcatalog; path = Assets.xcassets; sourceTree = "<group>"; };
		4460C3D829BDF7C700D4D3BA /* Preview Assets.xcassets */ = {isa = PBXFileReference; lastKnownFileType = folder.assetcatalog; path = "Preview Assets.xcassets"; sourceTree = "<group>"; };
		4460C3DF29BE05D100D4D3BA /* Onboarding.swift */ = {isa = PBXFileReference; lastKnownFileType = sourcecode.swift; path = Onboarding.swift; sourceTree = "<group>"; };
		4460C3E229BE088E00D4D3BA /* UserStorageProtocol.swift */ = {isa = PBXFileReference; lastKnownFileType = sourcecode.swift; path = UserStorageProtocol.swift; sourceTree = "<group>"; };
		4460C3E429BE08AC00D4D3BA /* UserProtocol.swift */ = {isa = PBXFileReference; lastKnownFileType = sourcecode.swift; path = UserProtocol.swift; sourceTree = "<group>"; };
		4460C3E729BE095700D4D3BA /* UserStorage.swift */ = {isa = PBXFileReference; lastKnownFileType = sourcecode.swift; path = UserStorage.swift; sourceTree = "<group>"; };
		4460C3E929BE0AE500D4D3BA /* UserConst.swift */ = {isa = PBXFileReference; lastKnownFileType = sourcecode.swift; path = UserConst.swift; sourceTree = "<group>"; };
		4460C3EC29BE0C3300D4D3BA /* User.swift */ = {isa = PBXFileReference; lastKnownFileType = sourcecode.swift; path = User.swift; sourceTree = "<group>"; };
		4460C3EE29BE2ABE00D4D3BA /* Design.swift */ = {isa = PBXFileReference; lastKnownFileType = sourcecode.swift; path = Design.swift; sourceTree = "<group>"; };
		4460C3F129BE347700D4D3BA /* Home.swift */ = {isa = PBXFileReference; lastKnownFileType = sourcecode.swift; path = Home.swift; sourceTree = "<group>"; };
		4460C3F329BE359100D4D3BA /* Menu.swift */ = {isa = PBXFileReference; lastKnownFileType = sourcecode.swift; path = Menu.swift; sourceTree = "<group>"; };
		4460C3F529BFA50600D4D3BA /* UserProfile.swift */ = {isa = PBXFileReference; lastKnownFileType = sourcecode.swift; path = UserProfile.swift; sourceTree = "<group>"; };
		44FAB34C29C0F85F005D7A8A /* Hero.swift */ = {isa = PBXFileReference; lastKnownFileType = sourcecode.swift; path = Hero.swift; sourceTree = "<group>"; };
		44FAB34F29C0F928005D7A8A /* DishType.swift */ = {isa = PBXFileReference; lastKnownFileType = sourcecode.swift; path = DishType.swift; sourceTree = "<group>"; };
		44FAB35129C0FD45005D7A8A /* DishTypeSelector.swift */ = {isa = PBXFileReference; lastKnownFileType = sourcecode.swift; path = DishTypeSelector.swift; sourceTree = "<group>"; };
		44FAB35329C0FD9B005D7A8A /* DishTypeSelectorElement.swift */ = {isa = PBXFileReference; lastKnownFileType = sourcecode.swift; path = DishTypeSelectorElement.swift; sourceTree = "<group>"; };
/* End PBXFileReference section */

/* Begin PBXFrameworksBuildPhase section */
		4460C3CB29BDF7C600D4D3BA /* Frameworks */ = {
			isa = PBXFrameworksBuildPhase;
			buildActionMask = 2147483647;
			files = (
			);
			runOnlyForDeploymentPostprocessing = 0;
		};
/* End PBXFrameworksBuildPhase section */

/* Begin PBXGroup section */
		4460C3C529BDF7C600D4D3BA = {
			isa = PBXGroup;
			children = (
				4460C3D029BDF7C600D4D3BA /* LittleLemon */,
				4460C3CF29BDF7C600D4D3BA /* Products */,
			);
			sourceTree = "<group>";
		};
		4460C3CF29BDF7C600D4D3BA /* Products */ = {
			isa = PBXGroup;
			children = (
				4460C3CE29BDF7C600D4D3BA /* LittleLemon.app */,
			);
			name = Products;
			sourceTree = "<group>";
		};
		4460C3D029BDF7C600D4D3BA /* LittleLemon */ = {
			isa = PBXGroup;
			children = (
				4460C3D129BDF7C600D4D3BA /* LittleLemonApp.swift */,
				4460C3D329BDF7C600D4D3BA /* ContentView.swift */,
				4460C3EB29BE0C2700D4D3BA /* Model */,
				4460C3E629BE093E00D4D3BA /* Data */,
				4460C3E129BE087700D4D3BA /* Protocols */,
				4460C3F029BE343E00D4D3BA /* Screens */,
				44FAB34B29C0F84D005D7A8A /* Components */,
				44FAB34E29C0F90B005D7A8A /* Helpers */,
				4460C3D529BDF7C700D4D3BA /* Assets.xcassets */,
				4460C3D729BDF7C700D4D3BA /* Preview Content */,
			);
			path = LittleLemon;
			sourceTree = "<group>";
		};
		4460C3D729BDF7C700D4D3BA /* Preview Content */ = {
			isa = PBXGroup;
			children = (
				4460C3D829BDF7C700D4D3BA /* Preview Assets.xcassets */,
			);
			path = "Preview Content";
			sourceTree = "<group>";
		};
		4460C3E129BE087700D4D3BA /* Protocols */ = {
			isa = PBXGroup;
			children = (
				4460C3E229BE088E00D4D3BA /* UserStorageProtocol.swift */,
				4460C3E429BE08AC00D4D3BA /* UserProtocol.swift */,
			);
			path = Protocols;
			sourceTree = "<group>";
		};
		4460C3E629BE093E00D4D3BA /* Data */ = {
			isa = PBXGroup;
			children = (
				4460C3E729BE095700D4D3BA /* UserStorage.swift */,
			);
			path = Data;
			sourceTree = "<group>";
		};
		4460C3EB29BE0C2700D4D3BA /* Model */ = {
			isa = PBXGroup;
			children = (
				4460C3EC29BE0C3300D4D3BA /* User.swift */,
			);
			path = Model;
			sourceTree = "<group>";
		};
		4460C3F029BE343E00D4D3BA /* Screens */ = {
			isa = PBXGroup;
			children = (
				4460C3DF29BE05D100D4D3BA /* Onboarding.swift */,
				4460C3F129BE347700D4D3BA /* Home.swift */,
				4460C3F329BE359100D4D3BA /* Menu.swift */,
				4460C3F529BFA50600D4D3BA /* UserProfile.swift */,
			);
			path = Screens;
			sourceTree = "<group>";
		};
		44FAB34B29C0F84D005D7A8A /* Components */ = {
			isa = PBXGroup;
			children = (
				44FAB34C29C0F85F005D7A8A /* Hero.swift */,
				44FAB35129C0FD45005D7A8A /* DishTypeSelector.swift */,
				44FAB35329C0FD9B005D7A8A /* DishTypeSelectorElement.swift */,
			);
			path = Components;
			sourceTree = "<group>";
		};
		44FAB34E29C0F90B005D7A8A /* Helpers */ = {
			isa = PBXGroup;
			children = (
				4460C3EE29BE2ABE00D4D3BA /* Design.swift */,
				4460C3E929BE0AE500D4D3BA /* UserConst.swift */,
				44FAB34F29C0F928005D7A8A /* DishType.swift */,
			);
			path = Helpers;
			sourceTree = "<group>";
		};
/* End PBXGroup section */

/* Begin PBXNativeTarget section */
		4460C3CD29BDF7C600D4D3BA /* LittleLemon */ = {
			isa = PBXNativeTarget;
			buildConfigurationList = 4460C3DC29BDF7C700D4D3BA /* Build configuration list for PBXNativeTarget "LittleLemon" */;
			buildPhases = (
				4460C3CA29BDF7C600D4D3BA /* Sources */,
				4460C3CB29BDF7C600D4D3BA /* Frameworks */,
				4460C3CC29BDF7C600D4D3BA /* Resources */,
			);
			buildRules = (
			);
			dependencies = (
			);
			name = LittleLemon;
			productName = LittleLemon;
			productReference = 4460C3CE29BDF7C600D4D3BA /* LittleLemon.app */;
			productType = "com.apple.product-type.application";
		};
/* End PBXNativeTarget section */

/* Begin PBXProject section */
		4460C3C629BDF7C600D4D3BA /* Project object */ = {
			isa = PBXProject;
			attributes = {
				BuildIndependentTargetsInParallel = 1;
				LastSwiftUpdateCheck = 1420;
				LastUpgradeCheck = 1420;
				TargetAttributes = {
					4460C3CD29BDF7C600D4D3BA = {
						CreatedOnToolsVersion = 14.2;
					};
				};
			};
			buildConfigurationList = 4460C3C929BDF7C600D4D3BA /* Build configuration list for PBXProject "LittleLemon" */;
			compatibilityVersion = "Xcode 14.0";
			developmentRegion = en;
			hasScannedForEncodings = 0;
			knownRegions = (
				en,
				Base,
			);
			mainGroup = 4460C3C529BDF7C600D4D3BA;
			productRefGroup = 4460C3CF29BDF7C600D4D3BA /* Products */;
			projectDirPath = "";
			projectRoot = "";
			targets = (
				4460C3CD29BDF7C600D4D3BA /* LittleLemon */,
			);
		};
/* End PBXProject section */

/* Begin PBXResourcesBuildPhase section */
		4460C3CC29BDF7C600D4D3BA /* Resources */ = {
			isa = PBXResourcesBuildPhase;
			buildActionMask = 2147483647;
			files = (
				4460C3D929BDF7C700D4D3BA /* Preview Assets.xcassets in Resources */,
				4460C3D629BDF7C700D4D3BA /* Assets.xcassets in Resources */,
			);
			runOnlyForDeploymentPostprocessing = 0;
		};
/* End PBXResourcesBuildPhase section */

/* Begin PBXSourcesBuildPhase section */
		4460C3CA29BDF7C600D4D3BA /* Sources */ = {
			isa = PBXSourcesBuildPhase;
			buildActionMask = 2147483647;
			files = (
				44FAB35229C0FD45005D7A8A /* DishTypeSelector.swift in Sources */,
				4460C3EF29BE2ABE00D4D3BA /* Design.swift in Sources */,
				4460C3E329BE088E00D4D3BA /* UserStorageProtocol.swift in Sources */,
				4460C3F229BE347700D4D3BA /* Home.swift in Sources */,
				44FAB35029C0F928005D7A8A /* DishType.swift in Sources */,
				4460C3EA29BE0AE500D4D3BA /* UserConst.swift in Sources */,
				4460C3E029BE05D100D4D3BA /* Onboarding.swift in Sources */,
				4460C3F429BE359100D4D3BA /* Menu.swift in Sources */,
				4460C3E829BE095700D4D3BA /* UserStorage.swift in Sources */,
				4460C3ED29BE0C3300D4D3BA /* User.swift in Sources */,
				4460C3F629BFA50600D4D3BA /* UserProfile.swift in Sources */,
				4460C3D429BDF7C600D4D3BA /* ContentView.swift in Sources */,
				4460C3E529BE08AC00D4D3BA /* UserProtocol.swift in Sources */,
				44FAB35429C0FD9B005D7A8A /* DishTypeSelectorElement.swift in Sources */,
				44FAB34D29C0F85F005D7A8A /* Hero.swift in Sources */,
				4460C3D229BDF7C600D4D3BA /* LittleLemonApp.swift in Sources */,
			);
			runOnlyForDeploymentPostprocessing = 0;
		};
/* End PBXSourcesBuildPhase section */

/* Begin XCBuildConfiguration section */
		4460C3DA29BDF7C700D4D3BA /* Debug */ = {
			isa = XCBuildConfiguration;
			buildSettings = {
				ALWAYS_SEARCH_USER_PATHS = NO;
				CLANG_ANALYZER_NONNULL = YES;
				CLANG_ANALYZER_NUMBER_OBJECT_CONVERSION = YES_AGGRESSIVE;
				CLANG_CXX_LANGUAGE_STANDARD = "gnu++20";
				CLANG_ENABLE_MODULES = YES;
				CLANG_ENABLE_OBJC_ARC = YES;
				CLANG_ENABLE_OBJC_WEAK = YES;
				CLANG_WARN_BLOCK_CAPTURE_AUTORELEASING = YES;
				CLANG_WARN_BOOL_CONVERSION = YES;
				CLANG_WARN_COMMA = YES;
				CLANG_WARN_CONSTANT_CONVERSION = YES;
				CLANG_WARN_DEPRECATED_OBJC_IMPLEMENTATIONS = YES;
				CLANG_WARN_DIRECT_OBJC_ISA_USAGE = YES_ERROR;
				CLANG_WARN_DOCUMENTATION_COMMENTS = YES;
				CLANG_WARN_EMPTY_BODY = YES;
				CLANG_WARN_ENUM_CONVERSION = YES;
				CLANG_WARN_INFINITE_RECURSION = YES;
				CLANG_WARN_INT_CONVERSION = YES;
				CLANG_WARN_NON_LITERAL_NULL_CONVERSION = YES;
				CLANG_WARN_OBJC_IMPLICIT_RETAIN_SELF = YES;
				CLANG_WARN_OBJC_LITERAL_CONVERSION = YES;
				CLANG_WARN_OBJC_ROOT_CLASS = YES_ERROR;
				CLANG_WARN_QUOTED_INCLUDE_IN_FRAMEWORK_HEADER = YES;
				CLANG_WARN_RANGE_LOOP_ANALYSIS = YES;
				CLANG_WARN_STRICT_PROTOTYPES = YES;
				CLANG_WARN_SUSPICIOUS_MOVE = YES;
				CLANG_WARN_UNGUARDED_AVAILABILITY = YES_AGGRESSIVE;
				CLANG_WARN_UNREACHABLE_CODE = YES;
				CLANG_WARN__DUPLICATE_METHOD_MATCH = YES;
				COPY_PHASE_STRIP = NO;
				DEBUG_INFORMATION_FORMAT = dwarf;
				ENABLE_STRICT_OBJC_MSGSEND = YES;
				ENABLE_TESTABILITY = YES;
				GCC_C_LANGUAGE_STANDARD = gnu11;
				GCC_DYNAMIC_NO_PIC = NO;
				GCC_NO_COMMON_BLOCKS = YES;
				GCC_OPTIMIZATION_LEVEL = 0;
				GCC_PREPROCESSOR_DEFINITIONS = (
					"DEBUG=1",
					"$(inherited)",
				);
				GCC_WARN_64_TO_32_BIT_CONVERSION = YES;
				GCC_WARN_ABOUT_RETURN_TYPE = YES_ERROR;
				GCC_WARN_UNDECLARED_SELECTOR = YES;
				GCC_WARN_UNINITIALIZED_AUTOS = YES_AGGRESSIVE;
				GCC_WARN_UNUSED_FUNCTION = YES;
				GCC_WARN_UNUSED_VARIABLE = YES;
				IPHONEOS_DEPLOYMENT_TARGET = 16.2;
				MTL_ENABLE_DEBUG_INFO = INCLUDE_SOURCE;
				MTL_FAST_MATH = YES;
				ONLY_ACTIVE_ARCH = YES;
				SDKROOT = iphoneos;
				SWIFT_ACTIVE_COMPILATION_CONDITIONS = DEBUG;
				SWIFT_OPTIMIZATION_LEVEL = "-Onone";
			};
			name = Debug;
		};
		4460C3DB29BDF7C700D4D3BA /* Release */ = {
			isa = XCBuildConfiguration;
			buildSettings = {
				ALWAYS_SEARCH_USER_PATHS = NO;
				CLANG_ANALYZER_NONNULL = YES;
				CLANG_ANALYZER_NUMBER_OBJECT_CONVERSION = YES_AGGRESSIVE;
				CLANG_CXX_LANGUAGE_STANDARD = "gnu++20";
				CLANG_ENABLE_MODULES = YES;
				CLANG_ENABLE_OBJC_ARC = YES;
				CLANG_ENABLE_OBJC_WEAK = YES;
				CLANG_WARN_BLOCK_CAPTURE_AUTORELEASING = YES;
				CLANG_WARN_BOOL_CONVERSION = YES;
				CLANG_WARN_COMMA = YES;
				CLANG_WARN_CONSTANT_CONVERSION = YES;
				CLANG_WARN_DEPRECATED_OBJC_IMPLEMENTATIONS = YES;
				CLANG_WARN_DIRECT_OBJC_ISA_USAGE = YES_ERROR;
				CLANG_WARN_DOCUMENTATION_COMMENTS = YES;
				CLANG_WARN_EMPTY_BODY = YES;
				CLANG_WARN_ENUM_CONVERSION = YES;
				CLANG_WARN_INFINITE_RECURSION = YES;
				CLANG_WARN_INT_CONVERSION = YES;
				CLANG_WARN_NON_LITERAL_NULL_CONVERSION = YES;
				CLANG_WARN_OBJC_IMPLICIT_RETAIN_SELF = YES;
				CLANG_WARN_OBJC_LITERAL_CONVERSION = YES;
				CLANG_WARN_OBJC_ROOT_CLASS = YES_ERROR;
				CLANG_WARN_QUOTED_INCLUDE_IN_FRAMEWORK_HEADER = YES;
				CLANG_WARN_RANGE_LOOP_ANALYSIS = YES;
				CLANG_WARN_STRICT_PROTOTYPES = YES;
				CLANG_WARN_SUSPICIOUS_MOVE = YES;
				CLANG_WARN_UNGUARDED_AVAILABILITY = YES_AGGRESSIVE;
				CLANG_WARN_UNREACHABLE_CODE = YES;
				CLANG_WARN__DUPLICATE_METHOD_MATCH = YES;
				COPY_PHASE_STRIP = NO;
				DEBUG_INFORMATION_FORMAT = "dwarf-with-dsym";
				ENABLE_NS_ASSERTIONS = NO;
				ENABLE_STRICT_OBJC_MSGSEND = YES;
				GCC_C_LANGUAGE_STANDARD = gnu11;
				GCC_NO_COMMON_BLOCKS = YES;
				GCC_WARN_64_TO_32_BIT_CONVERSION = YES;
				GCC_WARN_ABOUT_RETURN_TYPE = YES_ERROR;
				GCC_WARN_UNDECLARED_SELECTOR = YES;
				GCC_WARN_UNINITIALIZED_AUTOS = YES_AGGRESSIVE;
				GCC_WARN_UNUSED_FUNCTION = YES;
				GCC_WARN_UNUSED_VARIABLE = YES;
				IPHONEOS_DEPLOYMENT_TARGET = 16.2;
				MTL_ENABLE_DEBUG_INFO = NO;
				MTL_FAST_MATH = YES;
				SDKROOT = iphoneos;
				SWIFT_COMPILATION_MODE = wholemodule;
				SWIFT_OPTIMIZATION_LEVEL = "-O";
				VALIDATE_PRODUCT = YES;
			};
			name = Release;
		};
		4460C3DD29BDF7C700D4D3BA /* Debug */ = {
			isa = XCBuildConfiguration;
			buildSettings = {
				ASSETCATALOG_COMPILER_APPICON_NAME = AppIcon;
				ASSETCATALOG_COMPILER_GLOBAL_ACCENT_COLOR_NAME = AccentColor;
				CODE_SIGN_STYLE = Automatic;
				CURRENT_PROJECT_VERSION = 1;
				DEVELOPMENT_ASSET_PATHS = "\"LittleLemon/Preview Content\"";
				DEVELOPMENT_TEAM = XLZ82945UH;
				ENABLE_PREVIEWS = YES;
				GENERATE_INFOPLIST_FILE = YES;
				INFOPLIST_FILE = LittleLemon/Info.plist;
				INFOPLIST_KEY_UIApplicationSceneManifest_Generation = YES;
				INFOPLIST_KEY_UIApplicationSupportsIndirectInputEvents = YES;
				INFOPLIST_KEY_UILaunchScreen_Generation = YES;
				INFOPLIST_KEY_UISupportedInterfaceOrientations_iPad = "UIInterfaceOrientationPortrait UIInterfaceOrientationPortraitUpsideDown UIInterfaceOrientationLandscapeLeft UIInterfaceOrientationLandscapeRight";
				INFOPLIST_KEY_UISupportedInterfaceOrientations_iPhone = "UIInterfaceOrientationPortrait UIInterfaceOrientationLandscapeLeft UIInterfaceOrientationLandscapeRight";
				LD_RUNPATH_SEARCH_PATHS = (
					"$(inherited)",
					"@executable_path/Frameworks",
				);
				MARKETING_VERSION = 1.0;
				PRODUCT_BUNDLE_IDENTIFIER = kz.yaaubakirov.LittleLemon;
				PRODUCT_NAME = "$(TARGET_NAME)";
				SWIFT_EMIT_LOC_STRINGS = YES;
				SWIFT_VERSION = 5.0;
				TARGETED_DEVICE_FAMILY = "1,2";
			};
			name = Debug;
		};
		4460C3DE29BDF7C700D4D3BA /* Release */ = {
			isa = XCBuildConfiguration;
			buildSettings = {
				ASSETCATALOG_COMPILER_APPICON_NAME = AppIcon;
				ASSETCATALOG_COMPILER_GLOBAL_ACCENT_COLOR_NAME = AccentColor;
				CODE_SIGN_STYLE = Automatic;
				CURRENT_PROJECT_VERSION = 1;
				DEVELOPMENT_ASSET_PATHS = "\"LittleLemon/Preview Content\"";
				DEVELOPMENT_TEAM = XLZ82945UH;
				ENABLE_PREVIEWS = YES;
				GENERATE_INFOPLIST_FILE = YES;
				INFOPLIST_FILE = LittleLemon/Info.plist;
				INFOPLIST_KEY_UIApplicationSceneManifest_Generation = YES;
				INFOPLIST_KEY_UIApplicationSupportsIndirectInputEvents = YES;
				INFOPLIST_KEY_UILaunchScreen_Generation = YES;
				INFOPLIST_KEY_UISupportedInterfaceOrientations_iPad = "UIInterfaceOrientationPortrait UIInterfaceOrientationPortraitUpsideDown UIInterfaceOrientationLandscapeLeft UIInterfaceOrientationLandscapeRight";
				INFOPLIST_KEY_UISupportedInterfaceOrientations_iPhone = "UIInterfaceOrientationPortrait UIInterfaceOrientationLandscapeLeft UIInterfaceOrientationLandscapeRight";
				LD_RUNPATH_SEARCH_PATHS = (
					"$(inherited)",
					"@executable_path/Frameworks",
				);
				MARKETING_VERSION = 1.0;
				PRODUCT_BUNDLE_IDENTIFIER = kz.yaaubakirov.LittleLemon;
				PRODUCT_NAME = "$(TARGET_NAME)";
				SWIFT_EMIT_LOC_STRINGS = YES;
				SWIFT_VERSION = 5.0;
				TARGETED_DEVICE_FAMILY = "1,2";
			};
			name = Release;
		};
/* End XCBuildConfiguration section */

/* Begin XCConfigurationList section */
		4460C3C929BDF7C600D4D3BA /* Build configuration list for PBXProject "LittleLemon" */ = {
			isa = XCConfigurationList;
			buildConfigurations = (
				4460C3DA29BDF7C700D4D3BA /* Debug */,
				4460C3DB29BDF7C700D4D3BA /* Release */,
			);
			defaultConfigurationIsVisible = 0;
			defaultConfigurationName = Release;
		};
		4460C3DC29BDF7C700D4D3BA /* Build configuration list for PBXNativeTarget "LittleLemon" */ = {
			isa = XCConfigurationList;
			buildConfigurations = (
				4460C3DD29BDF7C700D4D3BA /* Debug */,
				4460C3DE29BDF7C700D4D3BA /* Release */,
			);
			defaultConfigurationIsVisible = 0;
			defaultConfigurationName = Release;
		};
/* End XCConfigurationList section */
	};
	rootObject = 4460C3C629BDF7C600D4D3BA /* Project object */;
}
